[[package]]
name = "click"
version = "7.1.2"
description = "Composable command line interface toolkit"
category = "main"
optional = false
python-versions = ">=2.7, !=3.0.*, !=3.1.*, !=3.2.*, !=3.3.*, !=3.4.*"

[[package]]
name = "piecash"
version = "1.1.7"
description = "A pythonic interface to GnuCash SQL documents."
category = "main"
optional = false
python-versions = "*"

[package.dependencies]
click = "*"
pytz = "*"
SQLAlchemy = ">=1.0,<1.4"
SQLAlchemy-Utils = "!=0.36.8"
tzlocal = "*"

[package.extras]
all = ["psycopg2", "pymysql", "pandas", "requests", "babel"]
doc = ["sphinx", "sphinxcontrib-napoleon", "sphinxcontrib-programoutput", "sphinx-rtd-theme", "ipython", "psycopg2", "pymysql", "pandas", "requests", "babel"]
ledger = ["babel"]
mysql = ["pymysql"]
pandas = ["pandas"]
postgres = ["psycopg2"]
qif = ["qifparse"]
test = ["pytest", "pytest-cov", "tox", "psycopg2", "pymysql", "pandas", "requests", "babel"]
yahoo = ["requests"]

[[package]]
name = "pytz"
version = "2021.1"
description = "World timezone definitions, modern and historical"
category = "main"
optional = false
python-versions = "*"

[[package]]
name = "pyyaml"
version = "5.4.1"
description = "YAML parser and emitter for Python"
category = "main"
optional = false
python-versions = ">=2.7, !=3.0.*, !=3.1.*, !=3.2.*, !=3.3.*, !=3.4.*, !=3.5.*"

[[package]]
name = "six"
version = "1.15.0"
description = "Python 2 and 3 compatibility utilities"
category = "main"
optional = false
python-versions = ">=2.7, !=3.0.*, !=3.1.*, !=3.2.*"

[[package]]
name = "sqlalchemy"
version = "1.3.24"
description = "Database Abstraction Library"
category = "main"
optional = false
python-versions = ">=2.7, !=3.0.*, !=3.1.*, !=3.2.*, !=3.3.*"

[package.extras]
mssql = ["pyodbc"]
mssql_pymssql = ["pymssql"]
mssql_pyodbc = ["pyodbc"]
mysql = ["mysqlclient"]
oracle = ["cx-oracle"]
postgresql = ["psycopg2"]
postgresql_pg8000 = ["pg8000 (<1.16.6)"]
postgresql_psycopg2binary = ["psycopg2-binary"]
postgresql_psycopg2cffi = ["psycopg2cffi"]
pymysql = ["pymysql (<1)", "pymysql"]

[[package]]
name = "sqlalchemy-utils"
version = "0.36.7"
description = "Various utility functions for SQLAlchemy."
category = "main"
optional = false
python-versions = "*"

[package.dependencies]
six = "*"
SQLAlchemy = ">=1.0"

[package.extras]
anyjson = ["anyjson (>=0.3.3)"]
arrow = ["arrow (>=0.3.4)"]
babel = ["Babel (>=1.3)"]
color = ["colour (>=0.0.4)"]
encrypted = ["cryptography (>=0.6)"]
intervals = ["intervals (>=0.7.1)"]
password = ["passlib (>=1.6,<2.0)"]
pendulum = ["pendulum (>=2.0.5)"]
phone = ["phonenumbers (>=5.9.2)"]
test = ["pytest (>=2.7.1)", "Pygments (>=1.2)", "Jinja2 (>=2.3)", "docutils (>=0.10)", "flexmock (>=0.9.7)", "mock (==2.0.0)", "psycopg2 (>=2.5.1)", "psycopg2cffi (>=2.8.1)", "pg8000 (>=1.12.4)", "pytz (>=2014.2)", "python-dateutil (>=2.6)", "pymysql", "flake8 (>=2.4.0)", "isort (>=4.2.2)", "pyodbc"]
test_all = ["anyjson (>=0.3.3)", "arrow (>=0.3.4)", "Babel (>=1.3)", "colour (>=0.0.4)", "cryptography (>=0.6)", "intervals (>=0.7.1)", "passlib (>=1.6,<2.0)", "pendulum (>=2.0.5)", "phonenumbers (>=5.9.2)", "pytest (>=2.7.1)", "Pygments (>=1.2)", "Jinja2 (>=2.3)", "docutils (>=0.10)", "flexmock (>=0.9.7)", "mock (==2.0.0)", "psycopg2 (>=2.5.1)", "psycopg2cffi (>=2.8.1)", "pg8000 (>=1.12.4)", "pytz (>=2014.2)", "python-dateutil (>=2.6)", "pymysql", "flake8 (>=2.4.0)", "isort (>=4.2.2)", "pyodbc", "python-dateutil", "furl (>=0.4.1)"]
timezone = ["python-dateutil"]
url = ["furl (>=0.4.1)"]

[[package]]
name = "tzlocal"
version = "2.1"
description = "tzinfo object for the local timezone"
category = "main"
optional = false
python-versions = "*"

[package.dependencies]
pytz = "*"

[metadata]
lock-version = "1.1"
python-versions = "^3.9"
content-hash = "b718468c6152414d161da84b41d3930b16608308e6779801abe4f9aedf5f4501"

[metadata.files]
click = [
    {file = "click-7.1.2-py2.py3-none-any.whl", hash = "sha256:dacca89f4bfadd5de3d7489b7c8a566eee0d3676333fbb50030263894c38c0dc"},
    {file = "click-7.1.2.tar.gz", hash = "sha256:d2b5255c7c6349bc1bd1e59e08cd12acbbd63ce649f2588755783aa94dfb6b1a"},
]
piecash = [
    {file = "piecash-1.1.7.tar.gz", hash = "sha256:0c23192735133a71c2252ed59fd3bcc505e9d1941f23239795d6fede2bba5612"},
]
pytz = [
    {file = "pytz-2021.1-py2.py3-none-any.whl", hash = "sha256:eb10ce3e7736052ed3623d49975ce333bcd712c7bb19a58b9e2089d4057d0798"},
    {file = "pytz-2021.1.tar.gz", hash = "sha256:83a4a90894bf38e243cf052c8b58f381bfe9a7a483f6a9cab140bc7f702ac4da"},
]
pyyaml = [
    {file = "PyYAML-5.4.1-cp27-cp27m-macosx_10_9_x86_64.whl", hash = "sha256:3b2b1824fe7112845700f815ff6a489360226a5609b96ec2190a45e62a9fc922"},
    {file = "PyYAML-5.4.1-cp27-cp27m-win32.whl", hash = "sha256:129def1b7c1bf22faffd67b8f3724645203b79d8f4cc81f674654d9902cb4393"},
    {file = "PyYAML-5.4.1-cp27-cp27m-win_amd64.whl", hash = "sha256:4465124ef1b18d9ace298060f4eccc64b0850899ac4ac53294547536533800c8"},
    {file = "PyYAML-5.4.1-cp27-cp27mu-manylinux1_x86_64.whl", hash = "sha256:bb4191dfc9306777bc594117aee052446b3fa88737cd13b7188d0e7aa8162185"},
    {file = "PyYAML-5.4.1-cp36-cp36m-macosx_10_9_x86_64.whl", hash = "sha256:6c78645d400265a062508ae399b60b8c167bf003db364ecb26dcab2bda048253"},
    {file = "PyYAML-5.4.1-cp36-cp36m-manylinux1_x86_64.whl", hash = "sha256:4e0583d24c881e14342eaf4ec5fbc97f934b999a6828693a99157fde912540cc"},
    {file = "PyYAML-5.4.1-cp36-cp36m-manylinux2014_aarch64.whl", hash = "sha256:72a01f726a9c7851ca9bfad6fd09ca4e090a023c00945ea05ba1638c09dc3347"},
    {file = "PyYAML-5.4.1-cp36-cp36m-manylinux2014_s390x.whl", hash = "sha256:895f61ef02e8fed38159bb70f7e100e00f471eae2bc838cd0f4ebb21e28f8541"},
    {file = "PyYAML-5.4.1-cp36-cp36m-win32.whl", hash = "sha256:3bd0e463264cf257d1ffd2e40223b197271046d09dadf73a0fe82b9c1fc385a5"},
    {file = "PyYAML-5.4.1-cp36-cp36m-win_amd64.whl", hash = "sha256:e4fac90784481d221a8e4b1162afa7c47ed953be40d31ab4629ae917510051df"},
    {file = "PyYAML-5.4.1-cp37-cp37m-macosx_10_9_x86_64.whl", hash = "sha256:5accb17103e43963b80e6f837831f38d314a0495500067cb25afab2e8d7a4018"},
    {file = "PyYAML-5.4.1-cp37-cp37m-manylinux1_x86_64.whl", hash = "sha256:e1d4970ea66be07ae37a3c2e48b5ec63f7ba6804bdddfdbd3cfd954d25a82e63"},
    {file = "PyYAML-5.4.1-cp37-cp37m-manylinux2014_aarch64.whl", hash = "sha256:cb333c16912324fd5f769fff6bc5de372e9e7a202247b48870bc251ed40239aa"},
    {file = "PyYAML-5.4.1-cp37-cp37m-manylinux2014_s390x.whl", hash = "sha256:fe69978f3f768926cfa37b867e3843918e012cf83f680806599ddce33c2c68b0"},
    {file = "PyYAML-5.4.1-cp37-cp37m-win32.whl", hash = "sha256:dd5de0646207f053eb0d6c74ae45ba98c3395a571a2891858e87df7c9b9bd51b"},
    {file = "PyYAML-5.4.1-cp37-cp37m-win_amd64.whl", hash = "sha256:08682f6b72c722394747bddaf0aa62277e02557c0fd1c42cb853016a38f8dedf"},
    {file = "PyYAML-5.4.1-cp38-cp38-macosx_10_9_x86_64.whl", hash = "sha256:d2d9808ea7b4af864f35ea216be506ecec180628aced0704e34aca0b040ffe46"},
    {file = "PyYAML-5.4.1-cp38-cp38-manylinux1_x86_64.whl", hash = "sha256:8c1be557ee92a20f184922c7b6424e8ab6691788e6d86137c5d93c1a6ec1b8fb"},
    {file = "PyYAML-5.4.1-cp38-cp38-manylinux2014_aarch64.whl", hash = "sha256:fd7f6999a8070df521b6384004ef42833b9bd62cfee11a09bda1079b4b704247"},
    {file = "PyYAML-5.4.1-cp38-cp38-manylinux2014_s390x.whl", hash = "sha256:bfb51918d4ff3d77c1c856a9699f8492c612cde32fd3bcd344af9be34999bfdc"},
    {file = "PyYAML-5.4.1-cp38-cp38-win32.whl", hash = "sha256:fa5ae20527d8e831e8230cbffd9f8fe952815b2b7dae6ffec25318803a7528fc"},
    {file = "PyYAML-5.4.1-cp38-cp38-win_amd64.whl", hash = "sha256:0f5f5786c0e09baddcd8b4b45f20a7b5d61a7e7e99846e3c799b05c7c53fa696"},
    {file = "PyYAML-5.4.1-cp39-cp39-macosx_10_9_x86_64.whl", hash = "sha256:294db365efa064d00b8d1ef65d8ea2c3426ac366c0c4368d930bf1c5fb497f77"},
    {file = "PyYAML-5.4.1-cp39-cp39-manylinux1_x86_64.whl", hash = "sha256:74c1485f7707cf707a7aef42ef6322b8f97921bd89be2ab6317fd782c2d53183"},
    {file = "PyYAML-5.4.1-cp39-cp39-manylinux2014_aarch64.whl", hash = "sha256:d483ad4e639292c90170eb6f7783ad19490e7a8defb3e46f97dfe4bacae89122"},
    {file = "PyYAML-5.4.1-cp39-cp39-manylinux2014_s390x.whl", hash = "sha256:fdc842473cd33f45ff6bce46aea678a54e3d21f1b61a7750ce3c498eedfe25d6"},
    {file = "PyYAML-5.4.1-cp39-cp39-win32.whl", hash = "sha256:49d4cdd9065b9b6e206d0595fee27a96b5dd22618e7520c33204a4a3239d5b10"},
    {file = "PyYAML-5.4.1-cp39-cp39-win_amd64.whl", hash = "sha256:c20cfa2d49991c8b4147af39859b167664f2ad4561704ee74c1de03318e898db"},
    {file = "PyYAML-5.4.1.tar.gz", hash = "sha256:607774cbba28732bfa802b54baa7484215f530991055bb562efbed5b2f20a45e"},
]
six = [
    {file = "six-1.15.0-py2.py3-none-any.whl", hash = "sha256:8b74bedcbbbaca38ff6d7491d76f2b06b3592611af620f8426e82dddb04a5ced"},
    {file = "six-1.15.0.tar.gz", hash = "sha256:30639c035cdb23534cd4aa2dd52c3bf48f06e5f4a941509c8bafd8ce11080259"},
]
sqlalchemy = [
    {file = "SQLAlchemy-1.3.24-cp27-cp27m-macosx_10_14_x86_64.whl", hash = "sha256:87a2725ad7d41cd7376373c15fd8bf674e9c33ca56d0b8036add2d634dba372e"},
    {file = "SQLAlchemy-1.3.24-cp27-cp27m-win32.whl", hash = "sha256:f597a243b8550a3a0b15122b14e49d8a7e622ba1c9d29776af741f1845478d79"},
    {file = "SQLAlchemy-1.3.24-cp27-cp27m-win_amd64.whl", hash = "sha256:fc4cddb0b474b12ed7bdce6be1b9edc65352e8ce66bc10ff8cbbfb3d4047dbf4"},
    {file = "SQLAlchemy-1.3.24-cp35-cp35m-macosx_10_14_x86_64.whl", hash = "sha256:f1149d6e5c49d069163e58a3196865e4321bad1803d7886e07d8710de392c548"},
    {file = "SQLAlchemy-1.3.24-cp35-cp35m-manylinux1_x86_64.whl", hash = "sha256:14f0eb5db872c231b20c18b1e5806352723a3a89fb4254af3b3e14f22eaaec75"},
    {file = "SQLAlchemy-1.3.24-cp35-cp35m-manylinux2010_x86_64.whl", hash = "sha256:e98d09f487267f1e8d1179bf3b9d7709b30a916491997137dd24d6ae44d18d79"},
    {file = "SQLAlchemy-1.3.24-cp35-cp35m-manylinux2014_aarch64.whl", hash = "sha256:fc1f2a5a5963e2e73bac4926bdaf7790c4d7d77e8fc0590817880e22dd9d0b8b"},
    {file = "SQLAlchemy-1.3.24-cp35-cp35m-win32.whl", hash = "sha256:f3c5c52f7cb8b84bfaaf22d82cb9e6e9a8297f7c2ed14d806a0f5e4d22e83fb7"},
    {file = "SQLAlchemy-1.3.24-cp35-cp35m-win_amd64.whl", hash = "sha256:0352db1befcbed2f9282e72843f1963860bf0e0472a4fa5cf8ee084318e0e6ab"},
    {file = "SQLAlchemy-1.3.24-cp36-cp36m-macosx_10_14_x86_64.whl", hash = "sha256:2ed6343b625b16bcb63c5b10523fd15ed8934e1ed0f772c534985e9f5e73d894"},
    {file = "SQLAlchemy-1.3.24-cp36-cp36m-manylinux1_x86_64.whl", hash = "sha256:34fcec18f6e4b24b4a5f6185205a04f1eab1e56f8f1d028a2a03694ebcc2ddd4"},
    {file = "SQLAlchemy-1.3.24-cp36-cp36m-manylinux2010_x86_64.whl", hash = "sha256:e47e257ba5934550d7235665eee6c911dc7178419b614ba9e1fbb1ce6325b14f"},
    {file = "SQLAlchemy-1.3.24-cp36-cp36m-manylinux2014_aarch64.whl", hash = "sha256:816de75418ea0953b5eb7b8a74933ee5a46719491cd2b16f718afc4b291a9658"},
    {file = "SQLAlchemy-1.3.24-cp36-cp36m-win32.whl", hash = "sha256:26155ea7a243cbf23287f390dba13d7927ffa1586d3208e0e8d615d0c506f996"},
    {file = "SQLAlchemy-1.3.24-cp36-cp36m-win_amd64.whl", hash = "sha256:f03bd97650d2e42710fbe4cf8a59fae657f191df851fc9fc683ecef10746a375"},
    {file = "SQLAlchemy-1.3.24-cp37-cp37m-macosx_10_14_x86_64.whl", hash = "sha256:a006d05d9aa052657ee3e4dc92544faae5fcbaafc6128217310945610d862d39"},
    {file = "SQLAlchemy-1.3.24-cp37-cp37m-manylinux1_x86_64.whl", hash = "sha256:1e2f89d2e5e3c7a88e25a3b0e43626dba8db2aa700253023b82e630d12b37109"},
    {file = "SQLAlchemy-1.3.24-cp37-cp37m-manylinux2010_x86_64.whl", hash = "sha256:0d5d862b1cfbec5028ce1ecac06a3b42bc7703eb80e4b53fceb2738724311443"},
    {file = "SQLAlchemy-1.3.24-cp37-cp37m-manylinux2014_aarch64.whl", hash = "sha256:0172423a27fbcae3751ef016663b72e1a516777de324a76e30efa170dbd3dd2d"},
    {file = "SQLAlchemy-1.3.24-cp37-cp37m-win32.whl", hash = "sha256:d37843fb8df90376e9e91336724d78a32b988d3d20ab6656da4eb8ee3a45b63c"},
    {file = "SQLAlchemy-1.3.24-cp37-cp37m-win_amd64.whl", hash = "sha256:c10ff6112d119f82b1618b6dc28126798481b9355d8748b64b9b55051eb4f01b"},
    {file = "SQLAlchemy-1.3.24-cp38-cp38-macosx_10_14_x86_64.whl", hash = "sha256:861e459b0e97673af6cc5e7f597035c2e3acdfb2608132665406cded25ba64c7"},
    {file = "SQLAlchemy-1.3.24-cp38-cp38-manylinux1_x86_64.whl", hash = "sha256:5de2464c254380d8a6c20a2746614d5a436260be1507491442cf1088e59430d2"},
    {file = "SQLAlchemy-1.3.24-cp38-cp38-manylinux2010_x86_64.whl", hash = "sha256:d375d8ccd3cebae8d90270f7aa8532fe05908f79e78ae489068f3b4eee5994e8"},
    {file = "SQLAlchemy-1.3.24-cp38-cp38-manylinux2014_aarch64.whl", hash = "sha256:014ea143572fee1c18322b7908140ad23b3994036ef4c0d630110faf942652f8"},
    {file = "SQLAlchemy-1.3.24-cp38-cp38-win32.whl", hash = "sha256:6607ae6cd3a07f8a4c3198ffbf256c261661965742e2b5265a77cd5c679c9bba"},
    {file = "SQLAlchemy-1.3.24-cp38-cp38-win_amd64.whl", hash = "sha256:fcb251305fa24a490b6a9ee2180e5f8252915fb778d3dafc70f9cc3f863827b9"},
    {file = "SQLAlchemy-1.3.24-cp39-cp39-macosx_10_14_x86_64.whl", hash = "sha256:01aa5f803db724447c1d423ed583e42bf5264c597fd55e4add4301f163b0be48"},
    {file = "SQLAlchemy-1.3.24-cp39-cp39-manylinux1_x86_64.whl", hash = "sha256:4d0e3515ef98aa4f0dc289ff2eebb0ece6260bbf37c2ea2022aad63797eacf60"},
    {file = "SQLAlchemy-1.3.24-cp39-cp39-manylinux2010_x86_64.whl", hash = "sha256:bce28277f308db43a6b4965734366f533b3ff009571ec7ffa583cb77539b84d6"},
    {file = "SQLAlchemy-1.3.24-cp39-cp39-manylinux2014_aarch64.whl", hash = "sha256:8110e6c414d3efc574543109ee618fe2c1f96fa31833a1ff36cc34e968c4f233"},
    {file = "SQLAlchemy-1.3.24-cp39-cp39-win32.whl", hash = "sha256:ee5f5188edb20a29c1cc4a039b074fdc5575337c9a68f3063449ab47757bb064"},
    {file = "SQLAlchemy-1.3.24-cp39-cp39-win_amd64.whl", hash = "sha256:09083c2487ca3c0865dc588e07aeaa25416da3d95f7482c07e92f47e080aa17b"},
    {file = "SQLAlchemy-1.3.24.tar.gz", hash = "sha256:ebbb777cbf9312359b897bf81ba00dae0f5cb69fba2a18265dcc18a6f5ef7519"},
]
sqlalchemy-utils = [
    {file = "SQLAlchemy-Utils-0.36.7.tar.gz", hash = "sha256:be319a16022b6a01e1d6c838340485beb4d34fd9c1c19d2303356804fa0faa09"},
]
tzlocal = [
    {file = "tzlocal-2.1-py2.py3-none-any.whl", hash = "sha256:e2cb6c6b5b604af38597403e9852872d7f534962ae2954c7f35efcb1ccacf4a4"},
    {file = "tzlocal-2.1.tar.gz", hash = "sha256:643c97c5294aedc737780a49d9df30889321cbe1204eac2c2ec6134035a92e44"},
]
